
Microsoft Visual Studio Solution File, Format Version 12.00
Project("{FAE04EC0-301F-11D3-BF4B-00C04F79EFBC}") = "ExerciciosMVC", "ExerciciosMVC\ExerciciosMVC.csproj", "{7FC1D24A-AC19-4349-8F7B-8E391744EEC4}"
EndProject
Global
	GlobalSection(SolutionConfigurationPlatforms) = preSolution
		Debug|Any CPU = Debug|Any CPU
		Release|Any CPU = Release|Any CPU
	EndGlobalSection
	GlobalSection(ProjectConfigurationPlatforms) = postSolution
		{7FC1D24A-AC19-4349-8F7B-8E391744EEC4}.Debug|Any CPU.ActiveCfg = Debug|Any CPU
		{7FC1D24A-AC19-4349-8F7B-8E391744EEC4}.Debug|Any CPU.Build.0 = Debug|Any CPU
		{7FC1D24A-AC19-4349-8F7B-8E391744EEC4}.Release|Any CPU.ActiveCfg = Release|Any CPU
		{7FC1D24A-AC19-4349-8F7B-8E391744EEC4}.Release|Any CPU.Build.0 = Release|Any CPU
	EndGlobalSection
EndGlobal
